<?xml version="1.0" encoding="utf-8"?>
<Project ToolsVersion="4.0" xmlns="http://schemas.microsoft.com/developer/msbuild/2003">
  <ItemGroup>
    <Filter Include="Source Files">
      <UniqueIdentifier>{4FC737F1-C7A5-4376-A066-2A32D752A2FF}</UniqueIdentifier>
      <Extensions>cpp;c;cxx;def;odl;idl;hpj;bat;asm;asmx</Extensions>
    </Filter>
    <Filter Include="Header Files">
      <UniqueIdentifier>{93995380-89BD-4b04-88EB-625FBE52EBFB}</UniqueIdentifier>
      <Extensions>h;hpp;hxx;hm;inl;inc;xsd</Extensions>
    </Filter>
    <Filter Include="Header Files\Games">
      <UniqueIdentifier>{f5a021ac-a80e-45ba-b754-d0a13c8348d6}</UniqueIdentifier>
    </Filter>
    <Filter Include="Header Files\Auth">
      <UniqueIdentifier>{c7d2e804-2e37-4358-91fb-e1580d678e27}</UniqueIdentifier>
    </Filter>
    <Filter Include="Source Files\Auth">
      <UniqueIdentifier>{91ca94ea-0fab-4b43-aa59-6131df5e43be}</UniqueIdentifier>
    </Filter>
    <Filter Include="Header Files\Utilities">
      <UniqueIdentifier>{c548dcdf-d696-40e4-a112-bd03cf9e5766}</UniqueIdentifier>
    </Filter>
    <Filter Include="Source Files\Utilities">
      <UniqueIdentifier>{f1a9cc20-0fd2-424f-a7fb-3f7005063e06}</UniqueIdentifier>
    </Filter>
    <Filter Include="Header Files\Games\MW3">
      <UniqueIdentifier>{6c1a175b-1e9c-4a1a-9bb8-001da1f48d25}</UniqueIdentifier>
    </Filter>
  </ItemGroup>
  <ItemGroup>
    <None Include="ReadMe.txt" />
  </ItemGroup>
  <ItemGroup>
    <ClInclude Include="stdafx.h">
      <Filter>Header Files</Filter>
    </ClInclude>
    <ClInclude Include="MW3.h">
      <Filter>Header Files\Games</Filter>
    </ClInclude>
    <ClInclude Include="auth.h">
      <Filter>Header Files\Auth</Filter>
    </ClInclude>
    <ClInclude Include="net.h">
      <Filter>Header Files\Auth</Filter>
    </ClInclude>
    <ClInclude Include="tools.h">
      <Filter>Header Files\Utilities</Filter>
    </ClInclude>
    <ClInclude Include="hv.h">
      <Filter>Header Files\Utilities</Filter>
    </ClInclude>
    <ClInclude Include="types.h">
      <Filter>Header Files\Utilities</Filter>
    </ClInclude>
    <ClInclude Include="vectors.h">
      <Filter>Header Files\Utilities</Filter>
    </ClInclude>
    <ClInclude Include="kernel.h">
      <Filter>Header Files\Utilities</Filter>
    </ClInclude>
    <ClInclude Include="Structs.h">
      <Filter>Header Files\Games\MW3</Filter>
    </ClInclude>
    <ClInclude Include="Offsets.h">
      <Filter>Header Files\Games\MW3</Filter>
    </ClInclude>
    <ClInclude Include="Pointers.h">
      <Filter>Header Files\Games\MW3</Filter>
    </ClInclude>
    <ClInclude Include="Functions.h">
      <Filter>Header Files\Games\MW3</Filter>
    </ClInclude>
    <ClInclude Include="Menu.h">
      <Filter>Header Files\Games\MW3</Filter>
    </ClInclude>
  </ItemGroup>
  <ItemGroup>
    <ClCompile Include="stdafx.cpp">
      <Filter>Source Files</Filter>
    </ClCompile>
    <ClCompile Include="CheatEngine.cpp">
      <Filter>Source Files</Filter>
    </ClCompile>
    <ClCompile Include="auth.cpp">
      <Filter>Source Files\Auth</Filter>
    </ClCompile>
    <ClCompile Include="net.cpp">
      <Filter>Source Files\Auth</Filter>
    </ClCompile>
    <ClCompile Include="hv.cpp">
      <Filter>Source Files\Utilities</Filter>
    </ClCompile>
    <ClCompile Include="tools.cpp">
      <Filter>Source Files\Utilities</Filter>
    </ClCompile>
  </ItemGroup>
</Project>